
Microsoft Visual Studio Solution File, Format Version 12.00
# Visual Studio Version 17
VisualStudioVersion = 17.5.2.0
MinimumVisualStudioVersion = 10.0.40219.1
Project("{FAE04EC0-301F-11D3-BF4B-00C04F79EFBC}") = "PluginTest", ".\TestPlugin\PluginTest.csproj", "{7E0478AA-BF42-6DFF-E389-8CFD2B55A174}"
EndProject
Project("{FAE04EC0-301F-11D3-BF4B-00C04F79EFBC}") = "TestProject1", ".\TestProject1\TestProject1.csproj", "{58FA7F58-79BD-476A-828F-160F02E45401}"
EndProject
Global
	GlobalSection(SolutionConfigurationPlatforms) = preSolution
		Debug|Any CPU = Debug|Any CPU
		Debug|x64 = Debug|x64
		Debug|x86 = Debug|x86
		Release|Any CPU = Release|Any CPU
		Release|x64 = Release|x64
		Release|x86 = Release|x86
	EndGlobalSection
	GlobalSection(ProjectConfigurationPlatforms) = postSolution
		{7E0478AA-BF42-6DFF-E389-8CFD2B55A174}.Debug|Any CPU.ActiveCfg = Debug|Any CPU
		{7E0478AA-BF42-6DFF-E389-8CFD2B55A174}.Debug|Any CPU.Build.0 = Debug|Any CPU
		{7E0478AA-BF42-6DFF-E389-8CFD2B55A174}.Debug|x64.ActiveCfg = Debug|Any CPU
		{7E0478AA-BF42-6DFF-E389-8CFD2B55A174}.Debug|x64.Build.0 = Debug|Any CPU
		{7E0478AA-BF42-6DFF-E389-8CFD2B55A174}.Debug|x86.ActiveCfg = Debug|Any CPU
		{7E0478AA-BF42-6DFF-E389-8CFD2B55A174}.Debug|x86.Build.0 = Debug|Any CPU
		{7E0478AA-BF42-6DFF-E389-8CFD2B55A174}.Release|Any CPU.ActiveCfg = Release|Any CPU
		{7E0478AA-BF42-6DFF-E389-8CFD2B55A174}.Release|Any CPU.Build.0 = Release|Any CPU
		{7E0478AA-BF42-6DFF-E389-8CFD2B55A174}.Release|x64.ActiveCfg = Release|Any CPU
		{7E0478AA-BF42-6DFF-E389-8CFD2B55A174}.Release|x64.Build.0 = Release|Any CPU
		{7E0478AA-BF42-6DFF-E389-8CFD2B55A174}.Release|x86.ActiveCfg = Release|Any CPU
		{7E0478AA-BF42-6DFF-E389-8CFD2B55A174}.Release|x86.Build.0 = Release|Any CPU
		{58FA7F58-79BD-476A-828F-160F02E45401}.Debug|Any CPU.ActiveCfg = Debug|Any CPU
		{58FA7F58-79BD-476A-828F-160F02E45401}.Debug|Any CPU.Build.0 = Debug|Any CPU
		{58FA7F58-79BD-476A-828F-160F02E45401}.Debug|x64.ActiveCfg = Debug|Any CPU
		{58FA7F58-79BD-476A-828F-160F02E45401}.Debug|x64.Build.0 = Debug|Any CPU
		{58FA7F58-79BD-476A-828F-160F02E45401}.Debug|x86.ActiveCfg = Debug|Any CPU
		{58FA7F58-79BD-476A-828F-160F02E45401}.Debug|x86.Build.0 = Debug|Any CPU
		{58FA7F58-79BD-476A-828F-160F02E45401}.Release|Any CPU.ActiveCfg = Release|Any CPU
		{58FA7F58-79BD-476A-828F-160F02E45401}.Release|Any CPU.Build.0 = Release|Any CPU
		{58FA7F58-79BD-476A-828F-160F02E45401}.Release|x64.ActiveCfg = Release|Any CPU
		{58FA7F58-79BD-476A-828F-160F02E45401}.Release|x64.Build.0 = Release|Any CPU
		{58FA7F58-79BD-476A-828F-160F02E45401}.Release|x86.ActiveCfg = Release|Any CPU
		{58FA7F58-79BD-476A-828F-160F02E45401}.Release|x86.Build.0 = Release|Any CPU
	EndGlobalSection
	GlobalSection(SolutionProperties) = preSolution
		HideSolutionNode = FALSE
	EndGlobalSection
	GlobalSection(ExtensibilityGlobals) = postSolution
		SolutionGuid = {151A6F68-412D-4FB6-BEC9-3E279EF1F126}
	EndGlobalSection
EndGlobal
